
Microsoft Visual Studio Solution File, Format Version 12.00
# Visual Studio Version 17
VisualStudioVersion = 17.10.35027.167
MinimumVisualStudioVersion = 10.0.40219.1
Project("{FAE04EC0-301F-11D3-BF4B-00C04F79EFBC}") = "AWC.DigitalCommerce.WebApp", "AWC.DigitalCommerce.WebApp\AWC.DigitalCommerce.WebApp.csproj", "{038D8E59-19D3-4A73-8548-397AE14F0E61}"
EndProject
Global
	GlobalSection(SolutionConfigurationPlatforms) = preSolution
		Debug|Any CPU = Debug|Any CPU
		Release|Any CPU = Release|Any CPU
	EndGlobalSection
	GlobalSection(ProjectConfigurationPlatforms) = postSolution
		{038D8E59-19D3-4A73-8548-397AE14F0E61}.Debug|Any CPU.ActiveCfg = Debug|Any CPU
		{038D8E59-19D3-4A73-8548-397AE14F0E61}.Debug|Any CPU.Build.0 = Debug|Any CPU
		{038D8E59-19D3-4A73-8548-397AE14F0E61}.Release|Any CPU.ActiveCfg = Release|Any CPU
		{038D8E59-19D3-4A73-8548-397AE14F0E61}.Release|Any CPU.Build.0 = Release|Any CPU
	EndGlobalSection
	GlobalSection(SolutionProperties) = preSolution
		HideSolutionNode = FALSE
	EndGlobalSection
	GlobalSection(ExtensibilityGlobals) = postSolution
		SolutionGuid = {DDE33196-E54B-4A12-9056-FA540C9D5F8D}
	EndGlobalSection
EndGlobal
